
Microsoft Visual Studio Solution File, Format Version 12.00
# Visual Studio Version 17
VisualStudioVersion = 17.3.32929.385
MinimumVisualStudioVersion = 10.0.40219.1
Project("{FAE04EC0-301F-11D3-BF4B-00C04F79EFBC}") = "TravelTripProject", "TravelTripProject\TravelTripProject.csproj", "{76522D3D-E47A-4960-BD5D-742875A480AF}"
EndProject
Global
	GlobalSection(SolutionConfigurationPlatforms) = preSolution
		Debug|Any CPU = Debug|Any CPU
		Release|Any CPU = Release|Any CPU
	EndGlobalSection
	GlobalSection(ProjectConfigurationPlatforms) = postSolution
		{76522D3D-E47A-4960-BD5D-742875A480AF}.Debug|Any CPU.ActiveCfg = Debug|Any CPU
		{76522D3D-E47A-4960-BD5D-742875A480AF}.Debug|Any CPU.Build.0 = Debug|Any CPU
		{76522D3D-E47A-4960-BD5D-742875A480AF}.Release|Any CPU.ActiveCfg = Release|Any CPU
		{76522D3D-E47A-4960-BD5D-742875A480AF}.Release|Any CPU.Build.0 = Release|Any CPU
	EndGlobalSection
	GlobalSection(SolutionProperties) = preSolution
		HideSolutionNode = FALSE
	EndGlobalSection
	GlobalSection(ExtensibilityGlobals) = postSolution
		SolutionGuid = {37FF70EA-E18B-4AC1-871F-FE04DA932CCB}
	EndGlobalSection
EndGlobal
